
Microsoft Visual Studio Solution File, Format Version 12.00
# Visual Studio 15
VisualStudioVersion = 15.0.27004.2009
MinimumVisualStudioVersion = 10.0.40219.1
Project("{8BC9CEB8-8B4A-11D0-8D11-00A0C91BC942}") = "Gmud32", "Gmud32.vcxproj", "{11F7EF50-2593-459C-A1EF-7303E69DD5F9}"
EndProject
Global
	GlobalSection(SolutionConfigurationPlatforms) = preSolution
		Debug|Win32 = Debug|Win32
		Debug|x64 = Debug|x64
		Release|Win32 = Release|Win32
		Release|x64 = Release|x64
	EndGlobalSection
	GlobalSection(ProjectConfigurationPlatforms) = postSolution
		{11F7EF50-2593-459C-A1EF-7303E69DD5F9}.Debug|Win32.ActiveCfg = Debug|Win32
		{11F7EF50-2593-459C-A1EF-7303E69DD5F9}.Debug|Win32.Build.0 = Debug|Win32
		{11F7EF50-2593-459C-A1EF-7303E69DD5F9}.Debug|x64.ActiveCfg = Debug|Win32
		{11F7EF50-2593-459C-A1EF-7303E69DD5F9}.Release|Win32.ActiveCfg = Release|Win32
		{11F7EF50-2593-459C-A1EF-7303E69DD5F9}.Release|Win32.Build.0 = Release|Win32
		{11F7EF50-2593-459C-A1EF-7303E69DD5F9}.Release|x64.ActiveCfg = Release|Win32
	EndGlobalSection
	GlobalSection(SolutionProperties) = preSolution
		HideSolutionNode = FALSE
	EndGlobalSection
	GlobalSection(ExtensibilityGlobals) = postSolution
		SolutionGuid = {C7826D25-D84A-4E72-83FA-B73058413DF5}
	EndGlobalSection
EndGlobal
